
Microsoft Visual Studio Solution File, Format Version 12.00
# Visual Studio 15
VisualStudioVersion = 15.0.26403.3
MinimumVisualStudioVersion = 10.0.40219.1
Project("{FAE04EC0-301F-11D3-BF4B-00C04F79EFBC}") = "1. Reverse Numbers with a Stack", "1. Reverse Numbers with a Stack\1. Reverse Numbers with a Stack.csproj", "{13B18DA3-63BB-4CE4-8CD9-C213464F8B2D}"
EndProject
Project("{FAE04EC0-301F-11D3-BF4B-00C04F79EFBC}") = "2. Basic Stack Operations", "2. Basic Stack Operations\2. Basic Stack Operations.csproj", "{BE679A79-042B-4BE5-9AEA-2732567FF64A}"
EndProject
Project("{FAE04EC0-301F-11D3-BF4B-00C04F79EFBC}") = "3. Maximum Element", "3. Maximum Element\3. Maximum Element.csproj", "{38738191-31AD-4C1D-9B08-E602CAACCFE9}"
EndProject
Global
	GlobalSection(SolutionConfigurationPlatforms) = preSolution
		Debug|Any CPU = Debug|Any CPU
		Release|Any CPU = Release|Any CPU
	EndGlobalSection
	GlobalSection(ProjectConfigurationPlatforms) = postSolution
		{13B18DA3-63BB-4CE4-8CD9-C213464F8B2D}.Debug|Any CPU.ActiveCfg = Debug|Any CPU
		{13B18DA3-63BB-4CE4-8CD9-C213464F8B2D}.Debug|Any CPU.Build.0 = Debug|Any CPU
		{13B18DA3-63BB-4CE4-8CD9-C213464F8B2D}.Release|Any CPU.ActiveCfg = Release|Any CPU
		{13B18DA3-63BB-4CE4-8CD9-C213464F8B2D}.Release|Any CPU.Build.0 = Release|Any CPU
		{BE679A79-042B-4BE5-9AEA-2732567FF64A}.Debug|Any CPU.ActiveCfg = Debug|Any CPU
		{BE679A79-042B-4BE5-9AEA-2732567FF64A}.Debug|Any CPU.Build.0 = Debug|Any CPU
		{BE679A79-042B-4BE5-9AEA-2732567FF64A}.Release|Any CPU.ActiveCfg = Release|Any CPU
		{BE679A79-042B-4BE5-9AEA-2732567FF64A}.Release|Any CPU.Build.0 = Release|Any CPU
		{38738191-31AD-4C1D-9B08-E602CAACCFE9}.Debug|Any CPU.ActiveCfg = Debug|Any CPU
		{38738191-31AD-4C1D-9B08-E602CAACCFE9}.Debug|Any CPU.Build.0 = Debug|Any CPU
		{38738191-31AD-4C1D-9B08-E602CAACCFE9}.Release|Any CPU.ActiveCfg = Release|Any CPU
		{38738191-31AD-4C1D-9B08-E602CAACCFE9}.Release|Any CPU.Build.0 = Release|Any CPU
	EndGlobalSection
	GlobalSection(SolutionProperties) = preSolution
		HideSolutionNode = FALSE
	EndGlobalSection
EndGlobal
