
Microsoft Visual Studio Solution File, Format Version 12.00
# Visual Studio 15
VisualStudioVersion = 15.0.26403.3
MinimumVisualStudioVersion = 10.0.40219.1
Project("{FAE04EC0-301F-11D3-BF4B-00C04F79EFBC}") = "01. Unique Usernames", "01. Unique Usernames\01. Unique Usernames.csproj", "{13D06032-7CF4-40E4-8381-4B4242605B3A}"
EndProject
Project("{FAE04EC0-301F-11D3-BF4B-00C04F79EFBC}") = "02. Sets Of Elements", "02. Sets Of Elements\02. Sets Of Elements.csproj", "{F7B6C597-5B5B-45F4-91AC-5E949834008D}"
EndProject
Project("{FAE04EC0-301F-11D3-BF4B-00C04F79EFBC}") = "03. Periodic Table", "03. Periodic Table\03. Periodic Table.csproj", "{241CCCD0-020D-4681-8BFB-F0F347FF6F1F}"
EndProject
Project("{FAE04EC0-301F-11D3-BF4B-00C04F79EFBC}") = "04. Count Symbols", "04. Count Symbols\04. Count Symbols.csproj", "{8FA010BC-43BC-4BD2-B8C1-4D7228A14FB6}"
EndProject
Project("{FAE04EC0-301F-11D3-BF4B-00C04F79EFBC}") = "05. Phonebook", "05. Phonebook\05. Phonebook.csproj", "{E875BFCB-881D-47AC-9EF9-8B7BC0B21F01}"
EndProject
Project("{FAE04EC0-301F-11D3-BF4B-00C04F79EFBC}") = "06. A Miner's Task", "06. A Miner's Task\06. A Miner's Task.csproj", "{527782C1-889B-4B44-9628-326E123B5210}"
EndProject
Project("{FAE04EC0-301F-11D3-BF4B-00C04F79EFBC}") = "07. Fix Emails", "07. Fix Emails\07. Fix Emails.csproj", "{991F249D-65A6-482C-8C4B-750A4FE89EEF}"
EndProject
Project("{FAE04EC0-301F-11D3-BF4B-00C04F79EFBC}") = "08. Hands of Cards", "08. Hands of Cards\08. Hands of Cards.csproj", "{7E3F0700-C4AC-452C-B0ED-F42011B86BB1}"
EndProject
Global
	GlobalSection(SolutionConfigurationPlatforms) = preSolution
		Debug|Any CPU = Debug|Any CPU
		Release|Any CPU = Release|Any CPU
	EndGlobalSection
	GlobalSection(ProjectConfigurationPlatforms) = postSolution
		{13D06032-7CF4-40E4-8381-4B4242605B3A}.Debug|Any CPU.ActiveCfg = Debug|Any CPU
		{13D06032-7CF4-40E4-8381-4B4242605B3A}.Debug|Any CPU.Build.0 = Debug|Any CPU
		{13D06032-7CF4-40E4-8381-4B4242605B3A}.Release|Any CPU.ActiveCfg = Release|Any CPU
		{13D06032-7CF4-40E4-8381-4B4242605B3A}.Release|Any CPU.Build.0 = Release|Any CPU
		{F7B6C597-5B5B-45F4-91AC-5E949834008D}.Debug|Any CPU.ActiveCfg = Debug|Any CPU
		{F7B6C597-5B5B-45F4-91AC-5E949834008D}.Debug|Any CPU.Build.0 = Debug|Any CPU
		{F7B6C597-5B5B-45F4-91AC-5E949834008D}.Release|Any CPU.ActiveCfg = Release|Any CPU
		{F7B6C597-5B5B-45F4-91AC-5E949834008D}.Release|Any CPU.Build.0 = Release|Any CPU
		{241CCCD0-020D-4681-8BFB-F0F347FF6F1F}.Debug|Any CPU.ActiveCfg = Debug|Any CPU
		{241CCCD0-020D-4681-8BFB-F0F347FF6F1F}.Debug|Any CPU.Build.0 = Debug|Any CPU
		{241CCCD0-020D-4681-8BFB-F0F347FF6F1F}.Release|Any CPU.ActiveCfg = Release|Any CPU
		{241CCCD0-020D-4681-8BFB-F0F347FF6F1F}.Release|Any CPU.Build.0 = Release|Any CPU
		{8FA010BC-43BC-4BD2-B8C1-4D7228A14FB6}.Debug|Any CPU.ActiveCfg = Debug|Any CPU
		{8FA010BC-43BC-4BD2-B8C1-4D7228A14FB6}.Debug|Any CPU.Build.0 = Debug|Any CPU
		{8FA010BC-43BC-4BD2-B8C1-4D7228A14FB6}.Release|Any CPU.ActiveCfg = Release|Any CPU
		{8FA010BC-43BC-4BD2-B8C1-4D7228A14FB6}.Release|Any CPU.Build.0 = Release|Any CPU
		{E875BFCB-881D-47AC-9EF9-8B7BC0B21F01}.Debug|Any CPU.ActiveCfg = Debug|Any CPU
		{E875BFCB-881D-47AC-9EF9-8B7BC0B21F01}.Debug|Any CPU.Build.0 = Debug|Any CPU
		{E875BFCB-881D-47AC-9EF9-8B7BC0B21F01}.Release|Any CPU.ActiveCfg = Release|Any CPU
		{E875BFCB-881D-47AC-9EF9-8B7BC0B21F01}.Release|Any CPU.Build.0 = Release|Any CPU
		{527782C1-889B-4B44-9628-326E123B5210}.Debug|Any CPU.ActiveCfg = Debug|Any CPU
		{527782C1-889B-4B44-9628-326E123B5210}.Debug|Any CPU.Build.0 = Debug|Any CPU
		{527782C1-889B-4B44-9628-326E123B5210}.Release|Any CPU.ActiveCfg = Release|Any CPU
		{527782C1-889B-4B44-9628-326E123B5210}.Release|Any CPU.Build.0 = Release|Any CPU
		{991F249D-65A6-482C-8C4B-750A4FE89EEF}.Debug|Any CPU.ActiveCfg = Debug|Any CPU
		{991F249D-65A6-482C-8C4B-750A4FE89EEF}.Debug|Any CPU.Build.0 = Debug|Any CPU
		{991F249D-65A6-482C-8C4B-750A4FE89EEF}.Release|Any CPU.ActiveCfg = Release|Any CPU
		{991F249D-65A6-482C-8C4B-750A4FE89EEF}.Release|Any CPU.Build.0 = Release|Any CPU
		{7E3F0700-C4AC-452C-B0ED-F42011B86BB1}.Debug|Any CPU.ActiveCfg = Debug|Any CPU
		{7E3F0700-C4AC-452C-B0ED-F42011B86BB1}.Debug|Any CPU.Build.0 = Debug|Any CPU
		{7E3F0700-C4AC-452C-B0ED-F42011B86BB1}.Release|Any CPU.ActiveCfg = Release|Any CPU
		{7E3F0700-C4AC-452C-B0ED-F42011B86BB1}.Release|Any CPU.Build.0 = Release|Any CPU
	EndGlobalSection
	GlobalSection(SolutionProperties) = preSolution
		HideSolutionNode = FALSE
	EndGlobalSection
EndGlobal
